<?xml version="1.0" encoding="utf-8"?>
<Project ToolsVersion="4.0" xmlns="http://schemas.microsoft.com/developer/msbuild/2003">
  <ItemGroup>
    <Filter Include="Source Files">
      <UniqueIdentifier>{4FC737F1-C7A5-4376-A066-2A32D752A2FF}</UniqueIdentifier>
      <Extensions>cpp;c;cc;cxx;def;odl;idl;hpj;bat;asm;asmx</Extensions>
    </Filter>
    <Filter Include="Header Files">
      <UniqueIdentifier>{93995380-89BD-4b04-88EB-625FBE52EBFB}</UniqueIdentifier>
      <Extensions>h;hh;hpp;hxx;hm;inl;inc;xsd</Extensions>
    </Filter>
    <Filter Include="Resource Files">
      <UniqueIdentifier>{67DA6AB6-F800-4c08-8B7A-83BB121AAD01}</UniqueIdentifier>
      <Extensions>rc;ico;cur;bmp;dlg;rc2;rct;bin;rgs;gif;jpg;jpeg;jpe;resx;tiff;tif;png;wav;mfcribbon-ms</Extensions>
    </Filter>
    <Filter Include="Source Files\modules">
      <UniqueIdentifier>{8536fa51-ad85-4efb-b4fe-f936b0ba6564}</UniqueIdentifier>
    </Filter>
    <Filter Include="Source Files\modules\czolg">
      <UniqueIdentifier>{a4b5c0bd-b840-446e-ac75-b91028969916}</UniqueIdentifier>
    </Filter>
    <Filter Include="Source Files\app">
      <UniqueIdentifier>{a278c1bd-5eec-4109-afd9-e087d5591bd0}</UniqueIdentifier>
    </Filter>
    <Filter Include="Source Files\controllers">
      <UniqueIdentifier>{b3faafc1-e1c2-4848-829e-e77fabb1e8f9}</UniqueIdentifier>
    </Filter>
    <Filter Include="Source Files\views">
      <UniqueIdentifier>{5f071954-4e73-4e56-8615-31f2ef7f2328}</UniqueIdentifier>
    </Filter>
    <Filter Include="Source Files\net">
      <UniqueIdentifier>{f6e4ad50-52e8-4182-a88e-003b27958840}</UniqueIdentifier>
    </Filter>
    <Filter Include="Source Files\modules\gracz">
      <UniqueIdentifier>{71f115ca-97e0-41ae-bbf2-e9e1a778d302}</UniqueIdentifier>
    </Filter>
    <Filter Include="Source Files\modules\przeszkoda">
      <UniqueIdentifier>{d0b96bbe-b95c-457e-96bd-74dd288428fe}</UniqueIdentifier>
    </Filter>
    <Filter Include="Source Files\modules\czolg\pocisk">
      <UniqueIdentifier>{a6f8b169-b492-4d37-bcee-ed7205e2c5f5}</UniqueIdentifier>
    </Filter>
    <Filter Include="Source Files\modules\gra">
      <UniqueIdentifier>{20f5987b-183e-4919-989a-07eaabe5134a}</UniqueIdentifier>
    </Filter>
    <Filter Include="Source Files\modules\gra\mapa">
      <UniqueIdentifier>{f7c255e2-5339-4496-8a1d-8801d571f3da}</UniqueIdentifier>
    </Filter>
    <Filter Include="Source Files\modules\Blok">
      <UniqueIdentifier>{0c327246-151b-4062-bc83-dfe05f9c401e}</UniqueIdentifier>
    </Filter>
  </ItemGroup>
  <ItemGroup>
    <ClInclude Include="Czolg.h">
      <Filter>Header Files</Filter>
    </ClInclude>
    <ClInclude Include="Blok.h">
      <Filter>Header Files</Filter>
    </ClInclude>
    <ClInclude Include="Pocisk.h">
      <Filter>Header Files</Filter>
    </ClInclude>
    <ClInclude Include="gracz.h">
      <Filter>Header Files</Filter>
    </ClInclude>
    <ClInclude Include="Mapa.h">
      <Filter>Header Files</Filter>
    </ClInclude>
    <ClInclude Include="Przeszkoda.h">
      <Filter>Header Files</Filter>
    </ClInclude>
    <ClInclude Include="Menu.h">
      <Filter>Header Files</Filter>
    </ClInclude>
  </ItemGroup>
  <ItemGroup>
    <ClCompile Include="Czolg.cpp">
      <Filter>Source Files\modules\czolg</Filter>
    </ClCompile>
    <ClCompile Include="Blok.cpp">
      <Filter>Source Files\modules\Blok</Filter>
    </ClCompile>
    <ClCompile Include="Pocisk.cpp">
      <Filter>Source Files\modules\czolg\pocisk</Filter>
    </ClCompile>
    <ClCompile Include="gracz.cpp">
      <Filter>Source Files\modules\gracz</Filter>
    </ClCompile>
    <ClCompile Include="main.cpp">
      <Filter>Source Files</Filter>
    </ClCompile>
    <ClCompile Include="Klient.cpp">
      <Filter>Source Files\net</Filter>
    </ClCompile>
    <ClCompile Include="Serwer.cpp">
      <Filter>Source Files\net</Filter>
    </ClCompile>
    <ClCompile Include="Polaczenie.cpp">
      <Filter>Source Files\net</Filter>
    </ClCompile>
    <ClCompile Include="Menu.cpp">
      <Filter>Source Files\views</Filter>
    </ClCompile>
    <ClCompile Include="Mapa.cpp">
      <Filter>Source Files\modules\gra\mapa</Filter>
    </ClCompile>
    <ClCompile Include="Przeszkoda.cpp">
      <Filter>Source Files</Filter>
    </ClCompile>
  </ItemGroup>
</Project>